
Microsoft Visual Studio Solution File, Format Version 12.00
# Visual Studio Version 16
VisualStudioVersion = 16.0.809.10
MinimumVisualStudioVersion = 10.0.40219.1
Project("{FAE04EC0-301F-11D3-BF4B-00C04F79EFBC}") = "Assignment2-ScrabbleScorer-csharp", "Assignment2-ScrabbleScorer-csharp\Assignment2-ScrabbleScorer-csharp.csproj", "{0002D0F7-5BAE-4FCF-9CA3-B5B20504DF22}"
EndProject
Global
	GlobalSection(SolutionConfigurationPlatforms) = preSolution
		Debug|Any CPU = Debug|Any CPU
		Release|Any CPU = Release|Any CPU
	EndGlobalSection
	GlobalSection(ProjectConfigurationPlatforms) = postSolution
		{0002D0F7-5BAE-4FCF-9CA3-B5B20504DF22}.Debug|Any CPU.ActiveCfg = Debug|Any CPU
		{0002D0F7-5BAE-4FCF-9CA3-B5B20504DF22}.Debug|Any CPU.Build.0 = Debug|Any CPU
		{0002D0F7-5BAE-4FCF-9CA3-B5B20504DF22}.Release|Any CPU.ActiveCfg = Release|Any CPU
		{0002D0F7-5BAE-4FCF-9CA3-B5B20504DF22}.Release|Any CPU.Build.0 = Release|Any CPU
	EndGlobalSection
	GlobalSection(SolutionProperties) = preSolution
		HideSolutionNode = FALSE
	EndGlobalSection
	GlobalSection(ExtensibilityGlobals) = postSolution
		SolutionGuid = {48842968-5FD6-4A52-96B3-B4A453ABB3E8}
	EndGlobalSection
EndGlobal
